
Microsoft Visual Studio Solution File, Format Version 12.00
# Visual Studio Version 16
VisualStudioVersion = 16.0.29215.179
MinimumVisualStudioVersion = 10.0.40219.1
Project("{FAE04EC0-301F-11D3-BF4B-00C04F79EFBC}") = "Air Hockey", "Air Hockey\Air Hockey.csproj", "{916B6D5F-2258-45F8-B17D-C6EDDA36F509}"
EndProject
Global
	GlobalSection(SolutionConfigurationPlatforms) = preSolution
		Debug|Any CPU = Debug|Any CPU
		Release|Any CPU = Release|Any CPU
	EndGlobalSection
	GlobalSection(ProjectConfigurationPlatforms) = postSolution
		{916B6D5F-2258-45F8-B17D-C6EDDA36F509}.Debug|Any CPU.ActiveCfg = Debug|Any CPU
		{916B6D5F-2258-45F8-B17D-C6EDDA36F509}.Debug|Any CPU.Build.0 = Debug|Any CPU
		{916B6D5F-2258-45F8-B17D-C6EDDA36F509}.Release|Any CPU.ActiveCfg = Release|Any CPU
		{916B6D5F-2258-45F8-B17D-C6EDDA36F509}.Release|Any CPU.Build.0 = Release|Any CPU
	EndGlobalSection
	GlobalSection(SolutionProperties) = preSolution
		HideSolutionNode = FALSE
	EndGlobalSection
	GlobalSection(ExtensibilityGlobals) = postSolution
		SolutionGuid = {2E0A40E7-F836-42D3-A59F-249D3CA6590B}
	EndGlobalSection
EndGlobal
